{
  "name": "underdot",
  "version": "1.0.5",
  "lockfileVersion": 3,
  "requires": true,
  "packages": {
    "": {
      "name": "underdot",
      "version": "1.0.5",
      "license": "ISC",
      "devDependencies": {
        "@lab43/q": "0.6.1"
      }
    },
    "node_modules/@lab43/q": {
      "version": "0.6.1",
      "resolved": "https://registry.npmjs.org/@lab43/q/-/q-0.6.1.tgz",
      "integrity": "sha512-2pB6vwj5NCzs+ZdCXBZOcjKEq0Q4GcpbJKADc+SA4ajTRUJ4q+ezrlFwa30TbyJ0Hrg0HBeuFrObEcJxO8O8rw==",
      "dev": true,
      "license": "MIT"
    }
  }
}
